
Microsoft Visual Studio Solution File, Format Version 12.00
# Visual Studio Version 17
VisualStudioVersion = 17.3.32929.385
MinimumVisualStudioVersion = 10.0.40219.1
Project("{FAE04EC0-301F-11D3-BF4B-00C04F79EFBC}") = "ApiTarefas", "ApiTarefas.csproj", "{830A080B-58E7-46ED-90F2-EE63038B65F4}"
EndProject
Global
	GlobalSection(SolutionConfigurationPlatforms) = preSolution
		Debug|Any CPU = Debug|Any CPU
		Release|Any CPU = Release|Any CPU
	EndGlobalSection
	GlobalSection(ProjectConfigurationPlatforms) = postSolution
		{830A080B-58E7-46ED-90F2-EE63038B65F4}.Debug|Any CPU.ActiveCfg = Debug|Any CPU
		{830A080B-58E7-46ED-90F2-EE63038B65F4}.Debug|Any CPU.Build.0 = Debug|Any CPU
		{830A080B-58E7-46ED-90F2-EE63038B65F4}.Release|Any CPU.ActiveCfg = Release|Any CPU
		{830A080B-58E7-46ED-90F2-EE63038B65F4}.Release|Any CPU.Build.0 = Release|Any CPU
	EndGlobalSection
	GlobalSection(SolutionProperties) = preSolution
		HideSolutionNode = FALSE
	EndGlobalSection
	GlobalSection(ExtensibilityGlobals) = postSolution
		SolutionGuid = {9CAD5CBA-738C-4B29-9C6E-AD63B0639054}
	EndGlobalSection
EndGlobal
